
Microsoft Visual Studio Solution File, Format Version 12.00
# Visual Studio Version 17
VisualStudioVersion = 17.14.36811.4 d17.14
MinimumVisualStudioVersion = 10.0.40219.1
Project("{FAE04EC0-301F-11D3-BF4B-00C04F79EFBC}") = "FormPDF", "FormPDF\FormPDF.csproj", "{125AEF71-5662-44A7-9414-60E9466C8B16}"
EndProject
Global
	GlobalSection(SolutionConfigurationPlatforms) = preSolution
		Debug|Any CPU = Debug|Any CPU
		Release|Any CPU = Release|Any CPU
	EndGlobalSection
	GlobalSection(ProjectConfigurationPlatforms) = postSolution
		{125AEF71-5662-44A7-9414-60E9466C8B16}.Debug|Any CPU.ActiveCfg = Debug|Any CPU
		{125AEF71-5662-44A7-9414-60E9466C8B16}.Debug|Any CPU.Build.0 = Debug|Any CPU
		{125AEF71-5662-44A7-9414-60E9466C8B16}.Release|Any CPU.ActiveCfg = Release|Any CPU
		{125AEF71-5662-44A7-9414-60E9466C8B16}.Release|Any CPU.Build.0 = Release|Any CPU
	EndGlobalSection
	GlobalSection(SolutionProperties) = preSolution
		HideSolutionNode = FALSE
	EndGlobalSection
	GlobalSection(ExtensibilityGlobals) = postSolution
		SolutionGuid = {2E34AE53-7C77-4403-A609-1390D9A9577F}
	EndGlobalSection
EndGlobal
